
Microsoft Visual Studio Solution File, Format Version 12.00
# Visual Studio Version 16
VisualStudioVersion = 16.0.29123.88
MinimumVisualStudioVersion = 10.0.40219.1
Project("{9A19103F-16F7-4668-BE54-9A1E7A4F7556}") = "StarWarsFan", "StarWarsFan.csproj", "{B76AE785-5D25-4178-8B00-BDDC6BD7F0F8}"
EndProject
Project("{FAE04EC0-301F-11D3-BF4B-00C04F79EFBC}") = "StarWarsService", "..\StarWarsService\StarWarsService.csproj", "{ED266733-902B-4394-9204-05070BC1E3A3}"
EndProject
Global
	GlobalSection(SolutionConfigurationPlatforms) = preSolution
		Debug|Any CPU = Debug|Any CPU
		Release|Any CPU = Release|Any CPU
	EndGlobalSection
	GlobalSection(ProjectConfigurationPlatforms) = postSolution
		{B76AE785-5D25-4178-8B00-BDDC6BD7F0F8}.Debug|Any CPU.ActiveCfg = Debug|Any CPU
		{B76AE785-5D25-4178-8B00-BDDC6BD7F0F8}.Debug|Any CPU.Build.0 = Debug|Any CPU
		{B76AE785-5D25-4178-8B00-BDDC6BD7F0F8}.Release|Any CPU.ActiveCfg = Release|Any CPU
		{B76AE785-5D25-4178-8B00-BDDC6BD7F0F8}.Release|Any CPU.Build.0 = Release|Any CPU
		{ED266733-902B-4394-9204-05070BC1E3A3}.Debug|Any CPU.ActiveCfg = Debug|Any CPU
		{ED266733-902B-4394-9204-05070BC1E3A3}.Debug|Any CPU.Build.0 = Debug|Any CPU
		{ED266733-902B-4394-9204-05070BC1E3A3}.Release|Any CPU.ActiveCfg = Release|Any CPU
		{ED266733-902B-4394-9204-05070BC1E3A3}.Release|Any CPU.Build.0 = Release|Any CPU
	EndGlobalSection
	GlobalSection(SolutionProperties) = preSolution
		HideSolutionNode = FALSE
	EndGlobalSection
	GlobalSection(ExtensibilityGlobals) = postSolution
		SolutionGuid = {D7598EB2-1067-4804-9666-A1A34DE60C59}
	EndGlobalSection
EndGlobal
